
Microsoft Visual Studio Solution File, Format Version 12.00
# Visual Studio Version 16
VisualStudioVersion = 16.0.30611.23
MinimumVisualStudioVersion = 10.0.40219.1
Project("{FAE04EC0-301F-11D3-BF4B-00C04F79EFBC}") = "TestElva", "TestElva\TestElva.csproj", "{81481196-170E-4CFC-8C41-1B20E5A8D65D}"
EndProject
Global
	GlobalSection(SolutionConfigurationPlatforms) = preSolution
		Debug|Any CPU = Debug|Any CPU
		Release|Any CPU = Release|Any CPU
	EndGlobalSection
	GlobalSection(ProjectConfigurationPlatforms) = postSolution
		{81481196-170E-4CFC-8C41-1B20E5A8D65D}.Debug|Any CPU.ActiveCfg = Debug|Any CPU
		{81481196-170E-4CFC-8C41-1B20E5A8D65D}.Debug|Any CPU.Build.0 = Debug|Any CPU
		{81481196-170E-4CFC-8C41-1B20E5A8D65D}.Release|Any CPU.ActiveCfg = Release|Any CPU
		{81481196-170E-4CFC-8C41-1B20E5A8D65D}.Release|Any CPU.Build.0 = Release|Any CPU
	EndGlobalSection
	GlobalSection(SolutionProperties) = preSolution
		HideSolutionNode = FALSE
	EndGlobalSection
	GlobalSection(ExtensibilityGlobals) = postSolution
		SolutionGuid = {89CE2C67-2566-425A-BAA1-48A65E48FD13}
	EndGlobalSection
EndGlobal
